
Microsoft Visual Studio Solution File, Format Version 12.00
# Visual Studio Version 17
VisualStudioVersion = 17.5.33516.290
MinimumVisualStudioVersion = 10.0.40219.1
Project("{9A19103F-16F7-4668-BE54-9A1E7A4F7556}") = "Soundboard", "Soundboard.csproj", "{0847087C-CA68-4B46-8CE1-54905A5E3454}"
EndProject
Global
	GlobalSection(SolutionConfigurationPlatforms) = preSolution
		Debug|Any CPU = Debug|Any CPU
		Release|Any CPU = Release|Any CPU
	EndGlobalSection
	GlobalSection(ProjectConfigurationPlatforms) = postSolution
		{0847087C-CA68-4B46-8CE1-54905A5E3454}.Debug|Any CPU.ActiveCfg = Debug|Any CPU
		{0847087C-CA68-4B46-8CE1-54905A5E3454}.Debug|Any CPU.Build.0 = Debug|Any CPU
		{0847087C-CA68-4B46-8CE1-54905A5E3454}.Release|Any CPU.ActiveCfg = Release|Any CPU
		{0847087C-CA68-4B46-8CE1-54905A5E3454}.Release|Any CPU.Build.0 = Release|Any CPU
	EndGlobalSection
	GlobalSection(SolutionProperties) = preSolution
		HideSolutionNode = FALSE
	EndGlobalSection
	GlobalSection(ExtensibilityGlobals) = postSolution
		SolutionGuid = {959716A0-2EEF-49C8-ACA4-B7FE48C02581}
	EndGlobalSection
EndGlobal
